
Microsoft Visual Studio Solution File, Format Version 12.00
# Visual Studio Version 17
VisualStudioVersion = 17.14.36429.23
MinimumVisualStudioVersion = 10.0.40219.1
Project("{FAE04EC0-301F-11D3-BF4B-00C04F79EFBC}") = "LaboratoMDM", "LaboratoMDM\LaboratoMDM.csproj", "{755415B2-D0EE-44C8-BD5D-967A84A02F11}"
EndProject
Project("{FAE04EC0-301F-11D3-BF4B-00C04F79EFBC}") = "LaboratoMDM.Core", "LaboratoMDM.Core\LaboratoMDM.Core.csproj", "{E01AD418-6D95-464E-887C-FEEC97FB29BA}"
EndProject
Project("{FAE04EC0-301F-11D3-BF4B-00C04F79EFBC}") = "LaboratoMDM.ActiveDirectory.Core", "LaboratoMDM.ActiveDirectory.Core\LaboratoMDM.ActiveDirectory.Core.csproj", "{F2F68FE2-FFA0-4FD2-A54D-ABADFC12D646}"
EndProject
Project("{FAE04EC0-301F-11D3-BF4B-00C04F79EFBC}") = "LaboratoMDM.ActiveDirectory.Service", "LaboratoMDM.ActiveDirectory.Service\LaboratoMDM.ActiveDirectory.Service.csproj", "{2C5B5531-F5EF-46A3-9AF2-1EED02E65A8E}"
EndProject
Project("{FAE04EC0-301F-11D3-BF4B-00C04F79EFBC}") = "LaboratoMDM.PolicyEngine", "LaboratoMDM.PolicyEngine\LaboratoMDM.PolicyEngine.csproj", "{90FE3C93-3ADA-481D-BBFA-E84EBED60915}"
EndProject
Project("{FAE04EC0-301F-11D3-BF4B-00C04F79EFBC}") = "LaboratoMDM.PolicyEngine.Tests", "LaboratoMDM.PolicyEngine.Tests\LaboratoMDM.PolicyEngine.Tests.csproj", "{9B665CE2-E914-4707-B6E7-8298465D8006}"
EndProject
Project("{FAE04EC0-301F-11D3-BF4B-00C04F79EFBC}") = "LaboratoMDM.NodeEngine", "LaboratoMDM.NodeEngine\LaboratoMDM.NodeEngine.csproj", "{3201009A-B25D-436B-AEBD-9194B15D4AB8}"
EndProject
Project("{FAE04EC0-301F-11D3-BF4B-00C04F79EFBC}") = "LaboratoMDM.NodeEngine.Tests", "LaboratoMDM.NodeEngine.Tests\LaboratoMDM.NodeEngine.Tests.csproj", "{F110828A-5579-430A-A13E-593EFCBC34CE}"
EndProject
Project("{FAE04EC0-301F-11D3-BF4B-00C04F79EFBC}") = "LaboratoMDM.Mesh.Protos", "LaboratoMDM.Mesh.Protos\LaboratoMDM.Mesh.Protos.csproj", "{3014A0BF-1D56-45D6-8E42-56A8993F1CAE}"
EndProject
Project("{FAE04EC0-301F-11D3-BF4B-00C04F79EFBC}") = "LaboratoMDM.Mesh.Master", "LaboratoMDM.Mesh.Master\LaboratoMDM.Mesh.Master.csproj", "{88BF2EC2-BF01-41EA-90EC-758711942F07}"
EndProject
Project("{FAE04EC0-301F-11D3-BF4B-00C04F79EFBC}") = "LaboratoMDM.Mesh.Agent", "LaboratoMDM.Mesh.Agent\LaboratoMDM.Mesh.Agent.csproj", "{47BB10B4-5B84-4E0C-B388-E26374003A4D}"
EndProject
Project("{2150E333-8FDC-42A3-9474-1A3956D46DE8}") = "Database", "Database", "{02EA681E-C7D8-13C7-8484-4AC65E1B71E8}"
	ProjectSection(SolutionItems) = preProject
		1__policies_tables.sql = 1__policies_tables.sql
	EndProjectSection
EndProject
Global
	GlobalSection(SolutionConfigurationPlatforms) = preSolution
		Debug|Any CPU = Debug|Any CPU
		Release|Any CPU = Release|Any CPU
	EndGlobalSection
	GlobalSection(ProjectConfigurationPlatforms) = postSolution
		{755415B2-D0EE-44C8-BD5D-967A84A02F11}.Debug|Any CPU.ActiveCfg = Debug|Any CPU
		{755415B2-D0EE-44C8-BD5D-967A84A02F11}.Debug|Any CPU.Build.0 = Debug|Any CPU
		{755415B2-D0EE-44C8-BD5D-967A84A02F11}.Release|Any CPU.ActiveCfg = Release|Any CPU
		{755415B2-D0EE-44C8-BD5D-967A84A02F11}.Release|Any CPU.Build.0 = Release|Any CPU
		{E01AD418-6D95-464E-887C-FEEC97FB29BA}.Debug|Any CPU.ActiveCfg = Debug|Any CPU
		{E01AD418-6D95-464E-887C-FEEC97FB29BA}.Debug|Any CPU.Build.0 = Debug|Any CPU
		{E01AD418-6D95-464E-887C-FEEC97FB29BA}.Release|Any CPU.ActiveCfg = Release|Any CPU
		{E01AD418-6D95-464E-887C-FEEC97FB29BA}.Release|Any CPU.Build.0 = Release|Any CPU
		{F2F68FE2-FFA0-4FD2-A54D-ABADFC12D646}.Debug|Any CPU.ActiveCfg = Debug|Any CPU
		{F2F68FE2-FFA0-4FD2-A54D-ABADFC12D646}.Debug|Any CPU.Build.0 = Debug|Any CPU
		{F2F68FE2-FFA0-4FD2-A54D-ABADFC12D646}.Release|Any CPU.ActiveCfg = Release|Any CPU
		{F2F68FE2-FFA0-4FD2-A54D-ABADFC12D646}.Release|Any CPU.Build.0 = Release|Any CPU
		{2C5B5531-F5EF-46A3-9AF2-1EED02E65A8E}.Debug|Any CPU.ActiveCfg = Debug|Any CPU
		{2C5B5531-F5EF-46A3-9AF2-1EED02E65A8E}.Debug|Any CPU.Build.0 = Debug|Any CPU
		{2C5B5531-F5EF-46A3-9AF2-1EED02E65A8E}.Release|Any CPU.ActiveCfg = Release|Any CPU
		{2C5B5531-F5EF-46A3-9AF2-1EED02E65A8E}.Release|Any CPU.Build.0 = Release|Any CPU
		{90FE3C93-3ADA-481D-BBFA-E84EBED60915}.Debug|Any CPU.ActiveCfg = Debug|Any CPU
		{90FE3C93-3ADA-481D-BBFA-E84EBED60915}.Debug|Any CPU.Build.0 = Debug|Any CPU
		{90FE3C93-3ADA-481D-BBFA-E84EBED60915}.Release|Any CPU.ActiveCfg = Release|Any CPU
		{90FE3C93-3ADA-481D-BBFA-E84EBED60915}.Release|Any CPU.Build.0 = Release|Any CPU
		{9B665CE2-E914-4707-B6E7-8298465D8006}.Debug|Any CPU.ActiveCfg = Debug|Any CPU
		{9B665CE2-E914-4707-B6E7-8298465D8006}.Debug|Any CPU.Build.0 = Debug|Any CPU
		{9B665CE2-E914-4707-B6E7-8298465D8006}.Release|Any CPU.ActiveCfg = Release|Any CPU
		{9B665CE2-E914-4707-B6E7-8298465D8006}.Release|Any CPU.Build.0 = Release|Any CPU
		{3201009A-B25D-436B-AEBD-9194B15D4AB8}.Debug|Any CPU.ActiveCfg = Debug|Any CPU
		{3201009A-B25D-436B-AEBD-9194B15D4AB8}.Debug|Any CPU.Build.0 = Debug|Any CPU
		{3201009A-B25D-436B-AEBD-9194B15D4AB8}.Release|Any CPU.ActiveCfg = Release|Any CPU
		{3201009A-B25D-436B-AEBD-9194B15D4AB8}.Release|Any CPU.Build.0 = Release|Any CPU
		{F110828A-5579-430A-A13E-593EFCBC34CE}.Debug|Any CPU.ActiveCfg = Debug|Any CPU
		{F110828A-5579-430A-A13E-593EFCBC34CE}.Debug|Any CPU.Build.0 = Debug|Any CPU
		{F110828A-5579-430A-A13E-593EFCBC34CE}.Release|Any CPU.ActiveCfg = Release|Any CPU
		{F110828A-5579-430A-A13E-593EFCBC34CE}.Release|Any CPU.Build.0 = Release|Any CPU
		{3014A0BF-1D56-45D6-8E42-56A8993F1CAE}.Debug|Any CPU.ActiveCfg = Debug|Any CPU
		{3014A0BF-1D56-45D6-8E42-56A8993F1CAE}.Debug|Any CPU.Build.0 = Debug|Any CPU
		{3014A0BF-1D56-45D6-8E42-56A8993F1CAE}.Release|Any CPU.ActiveCfg = Release|Any CPU
		{3014A0BF-1D56-45D6-8E42-56A8993F1CAE}.Release|Any CPU.Build.0 = Release|Any CPU
		{88BF2EC2-BF01-41EA-90EC-758711942F07}.Debug|Any CPU.ActiveCfg = Debug|Any CPU
		{88BF2EC2-BF01-41EA-90EC-758711942F07}.Debug|Any CPU.Build.0 = Debug|Any CPU
		{88BF2EC2-BF01-41EA-90EC-758711942F07}.Release|Any CPU.ActiveCfg = Release|Any CPU
		{88BF2EC2-BF01-41EA-90EC-758711942F07}.Release|Any CPU.Build.0 = Release|Any CPU
		{47BB10B4-5B84-4E0C-B388-E26374003A4D}.Debug|Any CPU.ActiveCfg = Debug|Any CPU
		{47BB10B4-5B84-4E0C-B388-E26374003A4D}.Debug|Any CPU.Build.0 = Debug|Any CPU
		{47BB10B4-5B84-4E0C-B388-E26374003A4D}.Release|Any CPU.ActiveCfg = Release|Any CPU
		{47BB10B4-5B84-4E0C-B388-E26374003A4D}.Release|Any CPU.Build.0 = Release|Any CPU
	EndGlobalSection
	GlobalSection(SolutionProperties) = preSolution
		HideSolutionNode = FALSE
	EndGlobalSection
	GlobalSection(ExtensibilityGlobals) = postSolution
		SolutionGuid = {83572F6A-8182-4F56-97E8-3DA24E9CBDDD}
	EndGlobalSection
EndGlobal
